
Microsoft Visual Studio Solution File, Format Version 12.00
# Visual Studio Version 17
VisualStudioVersion = 17.7.34202.233
MinimumVisualStudioVersion = 10.0.40219.1
Project("{FAE04EC0-301F-11D3-BF4B-00C04F79EFBC}") = "teste", "teste\teste.csproj", "{0ADA7BF4-09CF-49C4-A1D4-FAD64B5DA370}"
EndProject
Global
	GlobalSection(SolutionConfigurationPlatforms) = preSolution
		Debug|Any CPU = Debug|Any CPU
		Release|Any CPU = Release|Any CPU
	EndGlobalSection
	GlobalSection(ProjectConfigurationPlatforms) = postSolution
		{0ADA7BF4-09CF-49C4-A1D4-FAD64B5DA370}.Debug|Any CPU.ActiveCfg = Debug|Any CPU
		{0ADA7BF4-09CF-49C4-A1D4-FAD64B5DA370}.Debug|Any CPU.Build.0 = Debug|Any CPU
		{0ADA7BF4-09CF-49C4-A1D4-FAD64B5DA370}.Release|Any CPU.ActiveCfg = Release|Any CPU
		{0ADA7BF4-09CF-49C4-A1D4-FAD64B5DA370}.Release|Any CPU.Build.0 = Release|Any CPU
	EndGlobalSection
	GlobalSection(SolutionProperties) = preSolution
		HideSolutionNode = FALSE
	EndGlobalSection
	GlobalSection(ExtensibilityGlobals) = postSolution
		SolutionGuid = {780E0DF3-272C-435E-8665-087621B705A8}
	EndGlobalSection
EndGlobal
